
Microsoft Visual Studio Solution File, Format Version 12.00
# Visual Studio Version 16
VisualStudioVersion = 16.0.31729.503
MinimumVisualStudioVersion = 10.0.40219.1
Project("{FAE04EC0-301F-11D3-BF4B-00C04F79EFBC}") = "Website", "Website\Website.csproj", "{65609A48-EA91-4CE5-A658-609FAAAF4CEA}"
EndProject
Global
	GlobalSection(SolutionConfigurationPlatforms) = preSolution
		Debug|Any CPU = Debug|Any CPU
		Release|Any CPU = Release|Any CPU
	EndGlobalSection
	GlobalSection(ProjectConfigurationPlatforms) = postSolution
		{65609A48-EA91-4CE5-A658-609FAAAF4CEA}.Debug|Any CPU.ActiveCfg = Debug|Any CPU
		{65609A48-EA91-4CE5-A658-609FAAAF4CEA}.Debug|Any CPU.Build.0 = Debug|Any CPU
		{65609A48-EA91-4CE5-A658-609FAAAF4CEA}.Release|Any CPU.ActiveCfg = Release|Any CPU
		{65609A48-EA91-4CE5-A658-609FAAAF4CEA}.Release|Any CPU.Build.0 = Release|Any CPU
	EndGlobalSection
	GlobalSection(SolutionProperties) = preSolution
		HideSolutionNode = FALSE
	EndGlobalSection
	GlobalSection(ExtensibilityGlobals) = postSolution
		SolutionGuid = {0B044C0A-3E90-4648-A14F-7197FA7374FC}
	EndGlobalSection
EndGlobal
